
Microsoft Visual Studio Solution File, Format Version 12.00
# Visual Studio Version 17
VisualStudioVersion = 17.0.31919.166
MinimumVisualStudioVersion = 10.0.40219.1
Project("{9A19103F-16F7-4668-BE54-9A1E7A4F7556}") = "Application", "src\Core\Application\Application.csproj", "{F308283A-0759-4315-A34A-A1323FDB161D}"
EndProject
Project("{9A19103F-16F7-4668-BE54-9A1E7A4F7556}") = "Domain", "src\Core\Domain\Domain.csproj", "{DD7AE3E1-CFBE-44DB-8AAB-5BA10E54C271}"
EndProject
Project("{9A19103F-16F7-4668-BE54-9A1E7A4F7556}") = "Admin.API", "src\Admin\Admin.API.csproj", "{0CBA80ED-C947-45F1-AFF5-444D045EED09}"
EndProject
Project("{9A19103F-16F7-4668-BE54-9A1E7A4F7556}") = "Client.API", "src\Client\Client.API.csproj", "{4945CAD9-6667-4559-9245-39A9228125DB}"
EndProject
Project("{9A19103F-16F7-4668-BE54-9A1E7A4F7556}") = "Infrastructure", "src\Infrastructure\Infrastructure.csproj", "{FB638994-12FF-405B-BB9E-EC27FFD64B2F}"
EndProject
Project("{9A19103F-16F7-4668-BE54-9A1E7A4F7556}") = "Migrators.MSSQL", "src\Migrators\Migrators.MSSQL\Migrators.MSSQL.csproj", "{5B4863A4-64CE-436C-B606-AF72395FBE43}"
EndProject
Project("{9A19103F-16F7-4668-BE54-9A1E7A4F7556}") = "Shared.DTOs", "src\Shared\Shared.DTOs\Shared.DTOs.csproj", "{5A2B6BFA-5F89-4308-BA29-2C0711305BBD}"
EndProject
Global
	GlobalSection(SolutionConfigurationPlatforms) = preSolution
		Debug|Any CPU = Debug|Any CPU
		Release|Any CPU = Release|Any CPU
	EndGlobalSection
	GlobalSection(ProjectConfigurationPlatforms) = postSolution
		{F308283A-0759-4315-A34A-A1323FDB161D}.Debug|Any CPU.ActiveCfg = Debug|Any CPU
		{F308283A-0759-4315-A34A-A1323FDB161D}.Debug|Any CPU.Build.0 = Debug|Any CPU
		{F308283A-0759-4315-A34A-A1323FDB161D}.Release|Any CPU.ActiveCfg = Release|Any CPU
		{F308283A-0759-4315-A34A-A1323FDB161D}.Release|Any CPU.Build.0 = Release|Any CPU
		{DD7AE3E1-CFBE-44DB-8AAB-5BA10E54C271}.Debug|Any CPU.ActiveCfg = Debug|Any CPU
		{DD7AE3E1-CFBE-44DB-8AAB-5BA10E54C271}.Debug|Any CPU.Build.0 = Debug|Any CPU
		{DD7AE3E1-CFBE-44DB-8AAB-5BA10E54C271}.Release|Any CPU.ActiveCfg = Release|Any CPU
		{DD7AE3E1-CFBE-44DB-8AAB-5BA10E54C271}.Release|Any CPU.Build.0 = Release|Any CPU
		{0CBA80ED-C947-45F1-AFF5-444D045EED09}.Debug|Any CPU.ActiveCfg = Debug|Any CPU
		{0CBA80ED-C947-45F1-AFF5-444D045EED09}.Debug|Any CPU.Build.0 = Debug|Any CPU
		{0CBA80ED-C947-45F1-AFF5-444D045EED09}.Release|Any CPU.ActiveCfg = Release|Any CPU
		{0CBA80ED-C947-45F1-AFF5-444D045EED09}.Release|Any CPU.Build.0 = Release|Any CPU
		{4945CAD9-6667-4559-9245-39A9228125DB}.Debug|Any CPU.ActiveCfg = Debug|Any CPU
		{4945CAD9-6667-4559-9245-39A9228125DB}.Debug|Any CPU.Build.0 = Debug|Any CPU
		{4945CAD9-6667-4559-9245-39A9228125DB}.Release|Any CPU.ActiveCfg = Release|Any CPU
		{4945CAD9-6667-4559-9245-39A9228125DB}.Release|Any CPU.Build.0 = Release|Any CPU
		{FB638994-12FF-405B-BB9E-EC27FFD64B2F}.Debug|Any CPU.ActiveCfg = Debug|Any CPU
		{FB638994-12FF-405B-BB9E-EC27FFD64B2F}.Debug|Any CPU.Build.0 = Debug|Any CPU
		{FB638994-12FF-405B-BB9E-EC27FFD64B2F}.Release|Any CPU.ActiveCfg = Release|Any CPU
		{FB638994-12FF-405B-BB9E-EC27FFD64B2F}.Release|Any CPU.Build.0 = Release|Any CPU
		{5B4863A4-64CE-436C-B606-AF72395FBE43}.Debug|Any CPU.ActiveCfg = Debug|Any CPU
		{5B4863A4-64CE-436C-B606-AF72395FBE43}.Debug|Any CPU.Build.0 = Debug|Any CPU
		{5B4863A4-64CE-436C-B606-AF72395FBE43}.Release|Any CPU.ActiveCfg = Release|Any CPU
		{5B4863A4-64CE-436C-B606-AF72395FBE43}.Release|Any CPU.Build.0 = Release|Any CPU
		{5A2B6BFA-5F89-4308-BA29-2C0711305BBD}.Debug|Any CPU.ActiveCfg = Debug|Any CPU
		{5A2B6BFA-5F89-4308-BA29-2C0711305BBD}.Debug|Any CPU.Build.0 = Debug|Any CPU
		{5A2B6BFA-5F89-4308-BA29-2C0711305BBD}.Release|Any CPU.ActiveCfg = Release|Any CPU
		{5A2B6BFA-5F89-4308-BA29-2C0711305BBD}.Release|Any CPU.Build.0 = Release|Any CPU
	EndGlobalSection
	GlobalSection(SolutionProperties) = preSolution
		HideSolutionNode = FALSE
	EndGlobalSection
	GlobalSection(ExtensibilityGlobals) = postSolution
		SolutionGuid = {0CAFAE1B-FBD6-4B07-BF32-FAA28D004C45}
	EndGlobalSection
EndGlobal
